
Microsoft Visual Studio Solution File, Format Version 12.00
# Visual Studio Version 16
VisualStudioVersion = 16.0.31911.196
MinimumVisualStudioVersion = 10.0.40219.1
Project("{FAE04EC0-301F-11D3-BF4B-00C04F79EFBC}") = "CpmPedidos.Domain", "CpmPedidos\CpmPedidos.Domain.csproj", "{2CBD2C99-EA06-4CA8-97D5-26CFC1E0F029}"
EndProject
Global
	GlobalSection(SolutionConfigurationPlatforms) = preSolution
		Debug|Any CPU = Debug|Any CPU
		Release|Any CPU = Release|Any CPU
	EndGlobalSection
	GlobalSection(ProjectConfigurationPlatforms) = postSolution
		{2CBD2C99-EA06-4CA8-97D5-26CFC1E0F029}.Debug|Any CPU.ActiveCfg = Debug|Any CPU
		{2CBD2C99-EA06-4CA8-97D5-26CFC1E0F029}.Debug|Any CPU.Build.0 = Debug|Any CPU
		{2CBD2C99-EA06-4CA8-97D5-26CFC1E0F029}.Release|Any CPU.ActiveCfg = Release|Any CPU
		{2CBD2C99-EA06-4CA8-97D5-26CFC1E0F029}.Release|Any CPU.Build.0 = Release|Any CPU
	EndGlobalSection
	GlobalSection(SolutionProperties) = preSolution
		HideSolutionNode = FALSE
	EndGlobalSection
	GlobalSection(ExtensibilityGlobals) = postSolution
		SolutionGuid = {4C9B2FF2-7D92-49D1-98E6-57D92D6B1B2F}
	EndGlobalSection
EndGlobal
